// !$*UTF8*$!
{
	archiveVersion = 1;
	classes = {
	};
	objectVersion = 56;
	objects = {

/* Begin PBXBuildFile section */
		E23322682AA826F400000A95 /* AuthenticationStatus.swift in Sources */ = {isa = PBXBuildFile; fileRef = E23322672AA826F400000A95 /* AuthenticationStatus.swift */; };
		E233226B2AA8273800000A95 /* RootView.swift in Sources */ = {isa = PBXBuildFile; fileRef = E233226A2AA8273800000A95 /* RootView.swift */; };
		E233226D2AA8484E00000A95 /* AuthenticateView.swift in Sources */ = {isa = PBXBuildFile; fileRef = E233226C2AA8484E00000A95 /* AuthenticateView.swift */; };
		E233226F2AA8509000000A95 /* Extensions.swift in Sources */ = {isa = PBXBuildFile; fileRef = E233226E2AA8509000000A95 /* Extensions.swift */; };
		E23322712AA85D3B00000A95 /* HomeView.swift in Sources */ = {isa = PBXBuildFile; fileRef = E23322702AA85D3B00000A95 /* HomeView.swift */; };
		E23322782AA8658600000A95 /* AppState+FireAuth.swift in Sources */ = {isa = PBXBuildFile; fileRef = E23322772AA8658600000A95 /* AppState+FireAuth.swift */; };
		E233227D2AA8766600000A95 /* AppState+Backend.swift in Sources */ = {isa = PBXBuildFile; fileRef = E233227C2AA8766600000A95 /* AppState+Backend.swift */; };
		E233227F2AA8767300000A95 /* FRUser.swift in Sources */ = {isa = PBXBuildFile; fileRef = E233227E2AA8767300000A95 /* FRUser.swift */; };
		E233C4502AA96607009322F7 /* ConfigureNextWorkoutView.swift in Sources */ = {isa = PBXBuildFile; fileRef = E233C44F2AA96607009322F7 /* ConfigureNextWorkoutView.swift */; };
		E25984FF2AA8B6C800D4D7CD /* ActivityView.swift in Sources */ = {isa = PBXBuildFile; fileRef = E25984FE2AA8B6C800D4D7CD /* ActivityView.swift */; };
		E25985012AA8CE1000D4D7CD /* BackendAPI.swift in Sources */ = {isa = PBXBuildFile; fileRef = E25985002AA8CE1000D4D7CD /* BackendAPI.swift */; };
		E25985032AA8EE5900D4D7CD /* NotificationManagement.swift in Sources */ = {isa = PBXBuildFile; fileRef = E25985022AA8EE5900D4D7CD /* NotificationManagement.swift */; };
		E2CF2C562AA7925D001B27DA /* FitRealApp.swift in Sources */ = {isa = PBXBuildFile; fileRef = E2CF2C552AA7925D001B27DA /* FitRealApp.swift */; };
		E2CF2C582AA7925D001B27DA /* WelcomeView.swift in Sources */ = {isa = PBXBuildFile; fileRef = E2CF2C572AA7925D001B27DA /* WelcomeView.swift */; };
		E2CF2C5A2AA7925E001B27DA /* Assets.xcassets in Resources */ = {isa = PBXBuildFile; fileRef = E2CF2C592AA7925E001B27DA /* Assets.xcassets */; };
		E2CF2C5D2AA7925E001B27DA /* Preview Assets.xcassets in Resources */ = {isa = PBXBuildFile; fileRef = E2CF2C5C2AA7925E001B27DA /* Preview Assets.xcassets */; };
		E2CF2C672AA7925E001B27DA /* FitRealTests.swift in Sources */ = {isa = PBXBuildFile; fileRef = E2CF2C662AA7925E001B27DA /* FitRealTests.swift */; };
		E2CF2C712AA7925E001B27DA /* FitRealUITests.swift in Sources */ = {isa = PBXBuildFile; fileRef = E2CF2C702AA7925E001B27DA /* FitRealUITests.swift */; };
		E2CF2C732AA7925E001B27DA /* FitRealUITestsLaunchTests.swift in Sources */ = {isa = PBXBuildFile; fileRef = E2CF2C722AA7925E001B27DA /* FitRealUITestsLaunchTests.swift */; };
		E2CF2C802AA7F780001B27DA /* GoogleService-Info.plist in Resources */ = {isa = PBXBuildFile; fileRef = E2CF2C7F2AA7F780001B27DA /* GoogleService-Info.plist */; };
		E2CF2C832AA7F86B001B27DA /* FirebaseAnalytics in Frameworks */ = {isa = PBXBuildFile; productRef = E2CF2C822AA7F86B001B27DA /* FirebaseAnalytics */; };
		E2CF2C852AA7F86B001B27DA /* FirebaseAnalyticsSwift in Frameworks */ = {isa = PBXBuildFile; productRef = E2CF2C842AA7F86B001B27DA /* FirebaseAnalyticsSwift */; };
		E2CF2C872AA7F86B001B27DA /* FirebaseAnalyticsWithoutAdIdSupport in Frameworks */ = {isa = PBXBuildFile; productRef = E2CF2C862AA7F86B001B27DA /* FirebaseAnalyticsWithoutAdIdSupport */; };
		E2CF2C892AA7F86B001B27DA /* FirebaseAuth in Frameworks */ = {isa = PBXBuildFile; productRef = E2CF2C882AA7F86B001B27DA /* FirebaseAuth */; };
		E2CF2C8B2AA7F86B001B27DA /* FirebaseDatabase in Frameworks */ = {isa = PBXBuildFile; productRef = E2CF2C8A2AA7F86B001B27DA /* FirebaseDatabase */; };
		E2CF2C8D2AA7F86B001B27DA /* FirebaseDatabaseSwift in Frameworks */ = {isa = PBXBuildFile; productRef = E2CF2C8C2AA7F86B001B27DA /* FirebaseDatabaseSwift */; };
		E2CF2C8F2AA7F86B001B27DA /* FirebaseStorage in Frameworks */ = {isa = PBXBuildFile; productRef = E2CF2C8E2AA7F86B001B27DA /* FirebaseStorage */; };
		E2CF2C912AA7FCAD001B27DA /* AppState.swift in Sources */ = {isa = PBXBuildFile; fileRef = E2CF2C902AA7FCAD001B27DA /* AppState.swift */; };
/* End PBXBuildFile section */

/* Begin PBXContainerItemProxy section */
		E2CF2C632AA7925E001B27DA /* PBXContainerItemProxy */ = {
			isa = PBXContainerItemProxy;
			containerPortal = E2CF2C4A2AA7925D001B27DA /* Project object */;
			proxyType = 1;
			remoteGlobalIDString = E2CF2C512AA7925D001B27DA;
			remoteInfo = FitReal;
		};
		E2CF2C6D2AA7925E001B27DA /* PBXContainerItemProxy */ = {
			isa = PBXContainerItemProxy;
			containerPortal = E2CF2C4A2AA7925D001B27DA /* Project object */;
			proxyType = 1;
			remoteGlobalIDString = E2CF2C512AA7925D001B27DA;
			remoteInfo = FitReal;
		};
/* End PBXContainerItemProxy section */

/* Begin PBXFileReference section */
		E23322672AA826F400000A95 /* AuthenticationStatus.swift */ = {isa = PBXFileReference; lastKnownFileType = sourcecode.swift; path = AuthenticationStatus.swift; sourceTree = "<group>"; };
		E233226A2AA8273800000A95 /* RootView.swift */ = {isa = PBXFileReference; lastKnownFileType = sourcecode.swift; path = RootView.swift; sourceTree = "<group>"; };
		E233226C2AA8484E00000A95 /* AuthenticateView.swift */ = {isa = PBXFileReference; lastKnownFileType = sourcecode.swift; path = AuthenticateView.swift; sourceTree = "<group>"; };
		E233226E2AA8509000000A95 /* Extensions.swift */ = {isa = PBXFileReference; lastKnownFileType = sourcecode.swift; path = Extensions.swift; sourceTree = "<group>"; };
		E23322702AA85D3B00000A95 /* HomeView.swift */ = {isa = PBXFileReference; lastKnownFileType = sourcecode.swift; path = HomeView.swift; sourceTree = "<group>"; };
		E23322772AA8658600000A95 /* AppState+FireAuth.swift */ = {isa = PBXFileReference; lastKnownFileType = sourcecode.swift; path = "AppState+FireAuth.swift"; sourceTree = "<group>"; };
		E233227C2AA8766600000A95 /* AppState+Backend.swift */ = {isa = PBXFileReference; lastKnownFileType = sourcecode.swift; path = "AppState+Backend.swift"; sourceTree = "<group>"; };
		E233227E2AA8767300000A95 /* FRUser.swift */ = {isa = PBXFileReference; lastKnownFileType = sourcecode.swift; path = FRUser.swift; sourceTree = "<group>"; };
		E233C44F2AA96607009322F7 /* ConfigureNextWorkoutView.swift */ = {isa = PBXFileReference; lastKnownFileType = sourcecode.swift; path = ConfigureNextWorkoutView.swift; sourceTree = "<group>"; };
		E25984FE2AA8B6C800D4D7CD /* ActivityView.swift */ = {isa = PBXFileReference; lastKnownFileType = sourcecode.swift; path = ActivityView.swift; sourceTree = "<group>"; };
		E25985002AA8CE1000D4D7CD /* BackendAPI.swift */ = {isa = PBXFileReference; lastKnownFileType = sourcecode.swift; path = BackendAPI.swift; sourceTree = "<group>"; };
		E25985022AA8EE5900D4D7CD /* NotificationManagement.swift */ = {isa = PBXFileReference; lastKnownFileType = sourcecode.swift; path = NotificationManagement.swift; sourceTree = "<group>"; };
		E2CF2C522AA7925D001B27DA /* FitReal.app */ = {isa = PBXFileReference; explicitFileType = wrapper.application; includeInIndex = 0; path = FitReal.app; sourceTree = BUILT_PRODUCTS_DIR; };
		E2CF2C552AA7925D001B27DA /* FitRealApp.swift */ = {isa = PBXFileReference; lastKnownFileType = sourcecode.swift; path = FitRealApp.swift; sourceTree = "<group>"; };
		E2CF2C572AA7925D001B27DA /* WelcomeView.swift */ = {isa = PBXFileReference; lastKnownFileType = sourcecode.swift; path = WelcomeView.swift; sourceTree = "<group>"; };
		E2CF2C592AA7925E001B27DA /* Assets.xcassets */ = {isa = PBXFileReference; lastKnownFileType = folder.assetcatalog; path = Assets.xcassets; sourceTree = "<group>"; };
		E2CF2C5C2AA7925E001B27DA /* Preview Assets.xcassets */ = {isa = PBXFileReference; lastKnownFileType = folder.assetcatalog; path = "Preview Assets.xcassets"; sourceTree = "<group>"; };
		E2CF2C622AA7925E001B27DA /* FitRealTests.xctest */ = {isa = PBXFileReference; explicitFileType = wrapper.cfbundle; includeInIndex = 0; path = FitRealTests.xctest; sourceTree = BUILT_PRODUCTS_DIR; };
		E2CF2C662AA7925E001B27DA /* FitRealTests.swift */ = {isa = PBXFileReference; lastKnownFileType = sourcecode.swift; path = FitRealTests.swift; sourceTree = "<group>"; };
		E2CF2C6C2AA7925E001B27DA /* FitRealUITests.xctest */ = {isa = PBXFileReference; explicitFileType = wrapper.cfbundle; includeInIndex = 0; path = FitRealUITests.xctest; sourceTree = BUILT_PRODUCTS_DIR; };
		E2CF2C702AA7925E001B27DA /* FitRealUITests.swift */ = {isa = PBXFileReference; lastKnownFileType = sourcecode.swift; path = FitRealUITests.swift; sourceTree = "<group>"; };
		E2CF2C722AA7925E001B27DA /* FitRealUITestsLaunchTests.swift */ = {isa = PBXFileReference; lastKnownFileType = sourcecode.swift; path = FitRealUITestsLaunchTests.swift; sourceTree = "<group>"; };
		E2CF2C7F2AA7F780001B27DA /* GoogleService-Info.plist */ = {isa = PBXFileReference; fileEncoding = 4; lastKnownFileType = text.plist.xml; path = "GoogleService-Info.plist"; sourceTree = "<group>"; };
		E2CF2C902AA7FCAD001B27DA /* AppState.swift */ = {isa = PBXFileReference; lastKnownFileType = sourcecode.swift; path = AppState.swift; sourceTree = "<group>"; };
/* End PBXFileReference section */

/* Begin PBXFrameworksBuildPhase section */
		E2CF2C4F2AA7925D001B27DA /* Frameworks */ = {
			isa = PBXFrameworksBuildPhase;
			buildActionMask = 2147483647;
			files = (
				E2CF2C8D2AA7F86B001B27DA /* FirebaseDatabaseSwift in Frameworks */,
				E2CF2C8B2AA7F86B001B27DA /* FirebaseDatabase in Frameworks */,
				E2CF2C852AA7F86B001B27DA /* FirebaseAnalyticsSwift in Frameworks */,
				E2CF2C872AA7F86B001B27DA /* FirebaseAnalyticsWithoutAdIdSupport in Frameworks */,
				E2CF2C8F2AA7F86B001B27DA /* FirebaseStorage in Frameworks */,
				E2CF2C832AA7F86B001B27DA /* FirebaseAnalytics in Frameworks */,
				E2CF2C892AA7F86B001B27DA /* FirebaseAuth in Frameworks */,
			);
			runOnlyForDeploymentPostprocessing = 0;
		};
		E2CF2C5F2AA7925E001B27DA /* Frameworks */ = {
			isa = PBXFrameworksBuildPhase;
			buildActionMask = 2147483647;
			files = (
			);
			runOnlyForDeploymentPostprocessing = 0;
		};
		E2CF2C692AA7925E001B27DA /* Frameworks */ = {
			isa = PBXFrameworksBuildPhase;
			buildActionMask = 2147483647;
			files = (
			);
			runOnlyForDeploymentPostprocessing = 0;
		};
/* End PBXFrameworksBuildPhase section */

/* Begin PBXGroup section */
		E23322692AA826FD00000A95 /* Onboarding */ = {
			isa = PBXGroup;
			children = (
				E2CF2C572AA7925D001B27DA /* WelcomeView.swift */,
				E233226C2AA8484E00000A95 /* AuthenticateView.swift */,
			);
			path = Onboarding;
			sourceTree = "<group>";
		};
		E23322722AA85D4E00000A95 /* Main Views */ = {
			isa = PBXGroup;
			children = (
				E23322702AA85D3B00000A95 /* HomeView.swift */,
				E233C44F2AA96607009322F7 /* ConfigureNextWorkoutView.swift */,
				E25984FE2AA8B6C800D4D7CD /* ActivityView.swift */,
			);
			path = "Main Views";
			sourceTree = "<group>";
		};
		E23322732AA85D6F00000A95 /* Models */ = {
			isa = PBXGroup;
			children = (
				E23322672AA826F400000A95 /* AuthenticationStatus.swift */,
				E233227E2AA8767300000A95 /* FRUser.swift */,
				E25985002AA8CE1000D4D7CD /* BackendAPI.swift */,
				E25985022AA8EE5900D4D7CD /* NotificationManagement.swift */,
			);
			path = Models;
			sourceTree = "<group>";
		};
		E23322742AA85DCB00000A95 /* View Models */ = {
			isa = PBXGroup;
			children = (
				E2CF2C902AA7FCAD001B27DA /* AppState.swift */,
				E23322772AA8658600000A95 /* AppState+FireAuth.swift */,
				E233227C2AA8766600000A95 /* AppState+Backend.swift */,
			);
			path = "View Models";
			sourceTree = "<group>";
		};
		E2CF2C492AA7925D001B27DA = {
			isa = PBXGroup;
			children = (
				E2CF2C542AA7925D001B27DA /* FitReal */,
				E2CF2C652AA7925E001B27DA /* FitRealTests */,
				E2CF2C6F2AA7925E001B27DA /* FitRealUITests */,
				E2CF2C532AA7925D001B27DA /* Products */,
			);
			sourceTree = "<group>";
		};
		E2CF2C532AA7925D001B27DA /* Products */ = {
			isa = PBXGroup;
			children = (
				E2CF2C522AA7925D001B27DA /* FitReal.app */,
				E2CF2C622AA7925E001B27DA /* FitRealTests.xctest */,
				E2CF2C6C2AA7925E001B27DA /* FitRealUITests.xctest */,
			);
			name = Products;
			sourceTree = "<group>";
		};
		E2CF2C542AA7925D001B27DA /* FitReal */ = {
			isa = PBXGroup;
			children = (
				E23322732AA85D6F00000A95 /* Models */,
				E23322742AA85DCB00000A95 /* View Models */,
				E2CF2C552AA7925D001B27DA /* FitRealApp.swift */,
				E233226A2AA8273800000A95 /* RootView.swift */,
				E233226E2AA8509000000A95 /* Extensions.swift */,
				E23322722AA85D4E00000A95 /* Main Views */,
				E23322692AA826FD00000A95 /* Onboarding */,
				E2CF2C592AA7925E001B27DA /* Assets.xcassets */,
				E2CF2C7F2AA7F780001B27DA /* GoogleService-Info.plist */,
				E2CF2C5B2AA7925E001B27DA /* Preview Content */,
			);
			path = FitReal;
			sourceTree = "<group>";
		};
		E2CF2C5B2AA7925E001B27DA /* Preview Content */ = {
			isa = PBXGroup;
			children = (
				E2CF2C5C2AA7925E001B27DA /* Preview Assets.xcassets */,
			);
			path = "Preview Content";
			sourceTree = "<group>";
		};
		E2CF2C652AA7925E001B27DA /* FitRealTests */ = {
			isa = PBXGroup;
			children = (
				E2CF2C662AA7925E001B27DA /* FitRealTests.swift */,
			);
			path = FitRealTests;
			sourceTree = "<group>";
		};
		E2CF2C6F2AA7925E001B27DA /* FitRealUITests */ = {
			isa = PBXGroup;
			children = (
				E2CF2C702AA7925E001B27DA /* FitRealUITests.swift */,
				E2CF2C722AA7925E001B27DA /* FitRealUITestsLaunchTests.swift */,
			);
			path = FitRealUITests;
			sourceTree = "<group>";
		};
/* End PBXGroup section */

/* Begin PBXNativeTarget section */
		E2CF2C512AA7925D001B27DA /* FitReal */ = {
			isa = PBXNativeTarget;
			buildConfigurationList = E2CF2C762AA7925E001B27DA /* Build configuration list for PBXNativeTarget "FitReal" */;
			buildPhases = (
				E2CF2C4E2AA7925D001B27DA /* Sources */,
				E2CF2C4F2AA7925D001B27DA /* Frameworks */,
				E2CF2C502AA7925D001B27DA /* Resources */,
			);
			buildRules = (
			);
			dependencies = (
			);
			name = FitReal;
			packageProductDependencies = (
				E2CF2C822AA7F86B001B27DA /* FirebaseAnalytics */,
				E2CF2C842AA7F86B001B27DA /* FirebaseAnalyticsSwift */,
				E2CF2C862AA7F86B001B27DA /* FirebaseAnalyticsWithoutAdIdSupport */,
				E2CF2C882AA7F86B001B27DA /* FirebaseAuth */,
				E2CF2C8A2AA7F86B001B27DA /* FirebaseDatabase */,
				E2CF2C8C2AA7F86B001B27DA /* FirebaseDatabaseSwift */,
				E2CF2C8E2AA7F86B001B27DA /* FirebaseStorage */,
			);
			productName = FitReal;
			productReference = E2CF2C522AA7925D001B27DA /* FitReal.app */;
			productType = "com.apple.product-type.application";
		};
		E2CF2C612AA7925E001B27DA /* FitRealTests */ = {
			isa = PBXNativeTarget;
			buildConfigurationList = E2CF2C792AA7925E001B27DA /* Build configuration list for PBXNativeTarget "FitRealTests" */;
			buildPhases = (
				E2CF2C5E2AA7925E001B27DA /* Sources */,
				E2CF2C5F2AA7925E001B27DA /* Frameworks */,
				E2CF2C602AA7925E001B27DA /* Resources */,
			);
			buildRules = (
			);
			dependencies = (
				E2CF2C642AA7925E001B27DA /* PBXTargetDependency */,
			);
			name = FitRealTests;
			productName = FitRealTests;
			productReference = E2CF2C622AA7925E001B27DA /* FitRealTests.xctest */;
			productType = "com.apple.product-type.bundle.unit-test";
		};
		E2CF2C6B2AA7925E001B27DA /* FitRealUITests */ = {
			isa = PBXNativeTarget;
			buildConfigurationList = E2CF2C7C2AA7925E001B27DA /* Build configuration list for PBXNativeTarget "FitRealUITests" */;
			buildPhases = (
				E2CF2C682AA7925E001B27DA /* Sources */,
				E2CF2C692AA7925E001B27DA /* Frameworks */,
				E2CF2C6A2AA7925E001B27DA /* Resources */,
			);
			buildRules = (
			);
			dependencies = (
				E2CF2C6E2AA7925E001B27DA /* PBXTargetDependency */,
			);
			name = FitRealUITests;
			productName = FitRealUITests;
			productReference = E2CF2C6C2AA7925E001B27DA /* FitRealUITests.xctest */;
			productType = "com.apple.product-type.bundle.ui-testing";
		};
/* End PBXNativeTarget section */

/* Begin PBXProject section */
		E2CF2C4A2AA7925D001B27DA /* Project object */ = {
			isa = PBXProject;
			attributes = {
				BuildIndependentTargetsInParallel = 1;
				LastSwiftUpdateCheck = 1430;
				LastUpgradeCheck = 1430;
				TargetAttributes = {
					E2CF2C512AA7925D001B27DA = {
						CreatedOnToolsVersion = 14.3.1;
					};
					E2CF2C612AA7925E001B27DA = {
						CreatedOnToolsVersion = 14.3.1;
						TestTargetID = E2CF2C512AA7925D001B27DA;
					};
					E2CF2C6B2AA7925E001B27DA = {
						CreatedOnToolsVersion = 14.3.1;
						TestTargetID = E2CF2C512AA7925D001B27DA;
					};
				};
			};
			buildConfigurationList = E2CF2C4D2AA7925D001B27DA /* Build configuration list for PBXProject "FitReal" */;
			compatibilityVersion = "Xcode 14.0";
			developmentRegion = en;
			hasScannedForEncodings = 0;
			knownRegions = (
				en,
				Base,
			);
			mainGroup = E2CF2C492AA7925D001B27DA;
			packageReferences = (
				E2CF2C812AA7F86B001B27DA /* XCRemoteSwiftPackageReference "firebase-ios-sdk" */,
			);
			productRefGroup = E2CF2C532AA7925D001B27DA /* Products */;
			projectDirPath = "";
			projectRoot = "";
			targets = (
				E2CF2C512AA7925D001B27DA /* FitReal */,
				E2CF2C612AA7925E001B27DA /* FitRealTests */,
				E2CF2C6B2AA7925E001B27DA /* FitRealUITests */,
			);
		};
/* End PBXProject section */

/* Begin PBXResourcesBuildPhase section */
		E2CF2C502AA7925D001B27DA /* Resources */ = {
			isa = PBXResourcesBuildPhase;
			buildActionMask = 2147483647;
			files = (
				E2CF2C5D2AA7925E001B27DA /* Preview Assets.xcassets in Resources */,
				E2CF2C5A2AA7925E001B27DA /* Assets.xcassets in Resources */,
				E2CF2C802AA7F780001B27DA /* GoogleService-Info.plist in Resources */,
			);
			runOnlyForDeploymentPostprocessing = 0;
		};
		E2CF2C602AA7925E001B27DA /* Resources */ = {
			isa = PBXResourcesBuildPhase;
			buildActionMask = 2147483647;
			files = (
			);
			runOnlyForDeploymentPostprocessing = 0;
		};
		E2CF2C6A2AA7925E001B27DA /* Resources */ = {
			isa = PBXResourcesBuildPhase;
			buildActionMask = 2147483647;
			files = (
			);
			runOnlyForDeploymentPostprocessing = 0;
		};
/* End PBXResourcesBuildPhase section */

/* Begin PBXSourcesBuildPhase section */
		E2CF2C4E2AA7925D001B27DA /* Sources */ = {
			isa = PBXSourcesBuildPhase;
			buildActionMask = 2147483647;
			files = (
				E2CF2C582AA7925D001B27DA /* WelcomeView.swift in Sources */,
				E23322682AA826F400000A95 /* AuthenticationStatus.swift in Sources */,
				E233227D2AA8766600000A95 /* AppState+Backend.swift in Sources */,
				E25985032AA8EE5900D4D7CD /* NotificationManagement.swift in Sources */,
				E2CF2C912AA7FCAD001B27DA /* AppState.swift in Sources */,
				E2CF2C562AA7925D001B27DA /* FitRealApp.swift in Sources */,
				E233C4502AA96607009322F7 /* ConfigureNextWorkoutView.swift in Sources */,
				E25984FF2AA8B6C800D4D7CD /* ActivityView.swift in Sources */,
				E233226B2AA8273800000A95 /* RootView.swift in Sources */,
				E23322712AA85D3B00000A95 /* HomeView.swift in Sources */,
				E233226D2AA8484E00000A95 /* AuthenticateView.swift in Sources */,
				E233226F2AA8509000000A95 /* Extensions.swift in Sources */,
				E23322782AA8658600000A95 /* AppState+FireAuth.swift in Sources */,
				E233227F2AA8767300000A95 /* FRUser.swift in Sources */,
				E25985012AA8CE1000D4D7CD /* BackendAPI.swift in Sources */,
			);
			runOnlyForDeploymentPostprocessing = 0;
		};
		E2CF2C5E2AA7925E001B27DA /* Sources */ = {
			isa = PBXSourcesBuildPhase;
			buildActionMask = 2147483647;
			files = (
				E2CF2C672AA7925E001B27DA /* FitRealTests.swift in Sources */,
			);
			runOnlyForDeploymentPostprocessing = 0;
		};
		E2CF2C682AA7925E001B27DA /* Sources */ = {
			isa = PBXSourcesBuildPhase;
			buildActionMask = 2147483647;
			files = (
				E2CF2C732AA7925E001B27DA /* FitRealUITestsLaunchTests.swift in Sources */,
				E2CF2C712AA7925E001B27DA /* FitRealUITests.swift in Sources */,
			);
			runOnlyForDeploymentPostprocessing = 0;
		};
/* End PBXSourcesBuildPhase section */

/* Begin PBXTargetDependency section */
		E2CF2C642AA7925E001B27DA /* PBXTargetDependency */ = {
			isa = PBXTargetDependency;
			target = E2CF2C512AA7925D001B27DA /* FitReal */;
			targetProxy = E2CF2C632AA7925E001B27DA /* PBXContainerItemProxy */;
		};
		E2CF2C6E2AA7925E001B27DA /* PBXTargetDependency */ = {
			isa = PBXTargetDependency;
			target = E2CF2C512AA7925D001B27DA /* FitReal */;
			targetProxy = E2CF2C6D2AA7925E001B27DA /* PBXContainerItemProxy */;
		};
/* End PBXTargetDependency section */

/* Begin XCBuildConfiguration section */
		E2CF2C742AA7925E001B27DA /* Debug */ = {
			isa = XCBuildConfiguration;
			buildSettings = {
				ALWAYS_SEARCH_USER_PATHS = NO;
				CLANG_ANALYZER_NONNULL = YES;
				CLANG_ANALYZER_NUMBER_OBJECT_CONVERSION = YES_AGGRESSIVE;
				CLANG_CXX_LANGUAGE_STANDARD = "gnu++20";
				CLANG_ENABLE_MODULES = YES;
				CLANG_ENABLE_OBJC_ARC = YES;
				CLANG_ENABLE_OBJC_WEAK = YES;
				CLANG_WARN_BLOCK_CAPTURE_AUTORELEASING = YES;
				CLANG_WARN_BOOL_CONVERSION = YES;
				CLANG_WARN_COMMA = YES;
				CLANG_WARN_CONSTANT_CONVERSION = YES;
				CLANG_WARN_DEPRECATED_OBJC_IMPLEMENTATIONS = YES;
				CLANG_WARN_DIRECT_OBJC_ISA_USAGE = YES_ERROR;
				CLANG_WARN_DOCUMENTATION_COMMENTS = YES;
				CLANG_WARN_EMPTY_BODY = YES;
				CLANG_WARN_ENUM_CONVERSION = YES;
				CLANG_WARN_INFINITE_RECURSION = YES;
				CLANG_WARN_INT_CONVERSION = YES;
				CLANG_WARN_NON_LITERAL_NULL_CONVERSION = YES;
				CLANG_WARN_OBJC_IMPLICIT_RETAIN_SELF = YES;
				CLANG_WARN_OBJC_LITERAL_CONVERSION = YES;
				CLANG_WARN_OBJC_ROOT_CLASS = YES_ERROR;
				CLANG_WARN_QUOTED_INCLUDE_IN_FRAMEWORK_HEADER = YES;
				CLANG_WARN_RANGE_LOOP_ANALYSIS = YES;
				CLANG_WARN_STRICT_PROTOTYPES = YES;
				CLANG_WARN_SUSPICIOUS_MOVE = YES;
				CLANG_WARN_UNGUARDED_AVAILABILITY = YES_AGGRESSIVE;
				CLANG_WARN_UNREACHABLE_CODE = YES;
				CLANG_WARN__DUPLICATE_METHOD_MATCH = YES;
				COPY_PHASE_STRIP = NO;
				DEBUG_INFORMATION_FORMAT = dwarf;
				ENABLE_STRICT_OBJC_MSGSEND = YES;
				ENABLE_TESTABILITY = YES;
				GCC_C_LANGUAGE_STANDARD = gnu11;
				GCC_DYNAMIC_NO_PIC = NO;
				GCC_NO_COMMON_BLOCKS = YES;
				GCC_OPTIMIZATION_LEVEL = 0;
				GCC_PREPROCESSOR_DEFINITIONS = (
					"DEBUG=1",
					"$(inherited)",
				);
				GCC_WARN_64_TO_32_BIT_CONVERSION = YES;
				GCC_WARN_ABOUT_RETURN_TYPE = YES_ERROR;
				GCC_WARN_UNDECLARED_SELECTOR = YES;
				GCC_WARN_UNINITIALIZED_AUTOS = YES_AGGRESSIVE;
				GCC_WARN_UNUSED_FUNCTION = YES;
				GCC_WARN_UNUSED_VARIABLE = YES;
				IPHONEOS_DEPLOYMENT_TARGET = 16.4;
				MTL_ENABLE_DEBUG_INFO = INCLUDE_SOURCE;
				MTL_FAST_MATH = YES;
				ONLY_ACTIVE_ARCH = YES;
				SDKROOT = iphoneos;
				SWIFT_ACTIVE_COMPILATION_CONDITIONS = DEBUG;
				SWIFT_OPTIMIZATION_LEVEL = "-Onone";
			};
			name = Debug;
		};
		E2CF2C752AA7925E001B27DA /* Release */ = {
			isa = XCBuildConfiguration;
			buildSettings = {
				ALWAYS_SEARCH_USER_PATHS = NO;
				CLANG_ANALYZER_NONNULL = YES;
				CLANG_ANALYZER_NUMBER_OBJECT_CONVERSION = YES_AGGRESSIVE;
				CLANG_CXX_LANGUAGE_STANDARD = "gnu++20";
				CLANG_ENABLE_MODULES = YES;
				CLANG_ENABLE_OBJC_ARC = YES;
				CLANG_ENABLE_OBJC_WEAK = YES;
				CLANG_WARN_BLOCK_CAPTURE_AUTORELEASING = YES;
				CLANG_WARN_BOOL_CONVERSION = YES;
				CLANG_WARN_COMMA = YES;
				CLANG_WARN_CONSTANT_CONVERSION = YES;
				CLANG_WARN_DEPRECATED_OBJC_IMPLEMENTATIONS = YES;
				CLANG_WARN_DIRECT_OBJC_ISA_USAGE = YES_ERROR;
				CLANG_WARN_DOCUMENTATION_COMMENTS = YES;
				CLANG_WARN_EMPTY_BODY = YES;
				CLANG_WARN_ENUM_CONVERSION = YES;
				CLANG_WARN_INFINITE_RECURSION = YES;
				CLANG_WARN_INT_CONVERSION = YES;
				CLANG_WARN_NON_LITERAL_NULL_CONVERSION = YES;
				CLANG_WARN_OBJC_IMPLICIT_RETAIN_SELF = YES;
				CLANG_WARN_OBJC_LITERAL_CONVERSION = YES;
				CLANG_WARN_OBJC_ROOT_CLASS = YES_ERROR;
				CLANG_WARN_QUOTED_INCLUDE_IN_FRAMEWORK_HEADER = YES;
				CLANG_WARN_RANGE_LOOP_ANALYSIS = YES;
				CLANG_WARN_STRICT_PROTOTYPES = YES;
				CLANG_WARN_SUSPICIOUS_MOVE = YES;
				CLANG_WARN_UNGUARDED_AVAILABILITY = YES_AGGRESSIVE;
				CLANG_WARN_UNREACHABLE_CODE = YES;
				CLANG_WARN__DUPLICATE_METHOD_MATCH = YES;
				COPY_PHASE_STRIP = NO;
				DEBUG_INFORMATION_FORMAT = "dwarf-with-dsym";
				ENABLE_NS_ASSERTIONS = NO;
				ENABLE_STRICT_OBJC_MSGSEND = YES;
				GCC_C_LANGUAGE_STANDARD = gnu11;
				GCC_NO_COMMON_BLOCKS = YES;
				GCC_WARN_64_TO_32_BIT_CONVERSION = YES;
				GCC_WARN_ABOUT_RETURN_TYPE = YES_ERROR;
				GCC_WARN_UNDECLARED_SELECTOR = YES;
				GCC_WARN_UNINITIALIZED_AUTOS = YES_AGGRESSIVE;
				GCC_WARN_UNUSED_FUNCTION = YES;
				GCC_WARN_UNUSED_VARIABLE = YES;
				IPHONEOS_DEPLOYMENT_TARGET = 16.4;
				MTL_ENABLE_DEBUG_INFO = NO;
				MTL_FAST_MATH = YES;
				SDKROOT = iphoneos;
				SWIFT_COMPILATION_MODE = wholemodule;
				SWIFT_OPTIMIZATION_LEVEL = "-O";
				VALIDATE_PRODUCT = YES;
			};
			name = Release;
		};
		E2CF2C772AA7925E001B27DA /* Debug */ = {
			isa = XCBuildConfiguration;
			buildSettings = {
				ASSETCATALOG_COMPILER_APPICON_NAME = AppIcon;
				ASSETCATALOG_COMPILER_GLOBAL_ACCENT_COLOR_NAME = AccentColor;
				CODE_SIGN_STYLE = Automatic;
				CURRENT_PROJECT_VERSION = 1;
				DEVELOPMENT_ASSET_PATHS = "\"FitReal/Preview Content\"";
				DEVELOPMENT_TEAM = 49JL8262M2;
				ENABLE_PREVIEWS = YES;
				GENERATE_INFOPLIST_FILE = YES;
				INFOPLIST_KEY_UIApplicationSceneManifest_Generation = YES;
				INFOPLIST_KEY_UIApplicationSupportsIndirectInputEvents = YES;
				INFOPLIST_KEY_UILaunchScreen_Generation = YES;
				INFOPLIST_KEY_UISupportedInterfaceOrientations_iPad = "UIInterfaceOrientationPortrait UIInterfaceOrientationPortraitUpsideDown UIInterfaceOrientationLandscapeLeft UIInterfaceOrientationLandscapeRight";
				INFOPLIST_KEY_UISupportedInterfaceOrientations_iPhone = "UIInterfaceOrientationPortrait UIInterfaceOrientationLandscapeLeft UIInterfaceOrientationLandscapeRight";
				LD_RUNPATH_SEARCH_PATHS = (
					"$(inherited)",
					"@executable_path/Frameworks",
				);
				MARKETING_VERSION = 1.0;
				PRODUCT_BUNDLE_IDENTIFIER = works.prakhartrivedi.FitReal;
				PRODUCT_NAME = "$(TARGET_NAME)";
				SWIFT_EMIT_LOC_STRINGS = YES;
				SWIFT_VERSION = 5.0;
				TARGETED_DEVICE_FAMILY = "1,2";
			};
			name = Debug;
		};
		E2CF2C782AA7925E001B27DA /* Release */ = {
			isa = XCBuildConfiguration;
			buildSettings = {
				ASSETCATALOG_COMPILER_APPICON_NAME = AppIcon;
				ASSETCATALOG_COMPILER_GLOBAL_ACCENT_COLOR_NAME = AccentColor;
				CODE_SIGN_STYLE = Automatic;
				CURRENT_PROJECT_VERSION = 1;
				DEVELOPMENT_ASSET_PATHS = "\"FitReal/Preview Content\"";
				DEVELOPMENT_TEAM = 49JL8262M2;
				ENABLE_PREVIEWS = YES;
				GENERATE_INFOPLIST_FILE = YES;
				INFOPLIST_KEY_UIApplicationSceneManifest_Generation = YES;
				INFOPLIST_KEY_UIApplicationSupportsIndirectInputEvents = YES;
				INFOPLIST_KEY_UILaunchScreen_Generation = YES;
				INFOPLIST_KEY_UISupportedInterfaceOrientations_iPad = "UIInterfaceOrientationPortrait UIInterfaceOrientationPortraitUpsideDown UIInterfaceOrientationLandscapeLeft UIInterfaceOrientationLandscapeRight";
				INFOPLIST_KEY_UISupportedInterfaceOrientations_iPhone = "UIInterfaceOrientationPortrait UIInterfaceOrientationLandscapeLeft UIInterfaceOrientationLandscapeRight";
				LD_RUNPATH_SEARCH_PATHS = (
					"$(inherited)",
					"@executable_path/Frameworks",
				);
				MARKETING_VERSION = 1.0;
				PRODUCT_BUNDLE_IDENTIFIER = works.prakhartrivedi.FitReal;
				PRODUCT_NAME = "$(TARGET_NAME)";
				SWIFT_EMIT_LOC_STRINGS = YES;
				SWIFT_VERSION = 5.0;
				TARGETED_DEVICE_FAMILY = "1,2";
			};
			name = Release;
		};
		E2CF2C7A2AA7925E001B27DA /* Debug */ = {
			isa = XCBuildConfiguration;
			buildSettings = {
				ALWAYS_EMBED_SWIFT_STANDARD_LIBRARIES = YES;
				BUNDLE_LOADER = "$(TEST_HOST)";
				CODE_SIGN_STYLE = Automatic;
				CURRENT_PROJECT_VERSION = 1;
				DEVELOPMENT_TEAM = 49JL8262M2;
				GENERATE_INFOPLIST_FILE = YES;
				IPHONEOS_DEPLOYMENT_TARGET = 16.4;
				MARKETING_VERSION = 1.0;
				PRODUCT_BUNDLE_IDENTIFIER = works.prakhartrivedi.FitRealTests;
				PRODUCT_NAME = "$(TARGET_NAME)";
				SWIFT_EMIT_LOC_STRINGS = NO;
				SWIFT_VERSION = 5.0;
				TARGETED_DEVICE_FAMILY = "1,2";
				TEST_HOST = "$(BUILT_PRODUCTS_DIR)/FitReal.app/$(BUNDLE_EXECUTABLE_FOLDER_PATH)/FitReal";
			};
			name = Debug;
		};
		E2CF2C7B2AA7925E001B27DA /* Release */ = {
			isa = XCBuildConfiguration;
			buildSettings = {
				ALWAYS_EMBED_SWIFT_STANDARD_LIBRARIES = YES;
				BUNDLE_LOADER = "$(TEST_HOST)";
				CODE_SIGN_STYLE = Automatic;
				CURRENT_PROJECT_VERSION = 1;
				DEVELOPMENT_TEAM = 49JL8262M2;
				GENERATE_INFOPLIST_FILE = YES;
				IPHONEOS_DEPLOYMENT_TARGET = 16.4;
				MARKETING_VERSION = 1.0;
				PRODUCT_BUNDLE_IDENTIFIER = works.prakhartrivedi.FitRealTests;
				PRODUCT_NAME = "$(TARGET_NAME)";
				SWIFT_EMIT_LOC_STRINGS = NO;
				SWIFT_VERSION = 5.0;
				TARGETED_DEVICE_FAMILY = "1,2";
				TEST_HOST = "$(BUILT_PRODUCTS_DIR)/FitReal.app/$(BUNDLE_EXECUTABLE_FOLDER_PATH)/FitReal";
			};
			name = Release;
		};
		E2CF2C7D2AA7925E001B27DA /* Debug */ = {
			isa = XCBuildConfiguration;
			buildSettings = {
				ALWAYS_EMBED_SWIFT_STANDARD_LIBRARIES = YES;
				CODE_SIGN_STYLE = Automatic;
				CURRENT_PROJECT_VERSION = 1;
				DEVELOPMENT_TEAM = 49JL8262M2;
				GENERATE_INFOPLIST_FILE = YES;
				MARKETING_VERSION = 1.0;
				PRODUCT_BUNDLE_IDENTIFIER = works.prakhartrivedi.FitRealUITests;
				PRODUCT_NAME = "$(TARGET_NAME)";
				SWIFT_EMIT_LOC_STRINGS = NO;
				SWIFT_VERSION = 5.0;
				TARGETED_DEVICE_FAMILY = "1,2";
				TEST_TARGET_NAME = FitReal;
			};
			name = Debug;
		};
		E2CF2C7E2AA7925E001B27DA /* Release */ = {
			isa = XCBuildConfiguration;
			buildSettings = {
				ALWAYS_EMBED_SWIFT_STANDARD_LIBRARIES = YES;
				CODE_SIGN_STYLE = Automatic;
				CURRENT_PROJECT_VERSION = 1;
				DEVELOPMENT_TEAM = 49JL8262M2;
				GENERATE_INFOPLIST_FILE = YES;
				MARKETING_VERSION = 1.0;
				PRODUCT_BUNDLE_IDENTIFIER = works.prakhartrivedi.FitRealUITests;
				PRODUCT_NAME = "$(TARGET_NAME)";
				SWIFT_EMIT_LOC_STRINGS = NO;
				SWIFT_VERSION = 5.0;
				TARGETED_DEVICE_FAMILY = "1,2";
				TEST_TARGET_NAME = FitReal;
			};
			name = Release;
		};
/* End XCBuildConfiguration section */

/* Begin XCConfigurationList section */
		E2CF2C4D2AA7925D001B27DA /* Build configuration list for PBXProject "FitReal" */ = {
			isa = XCConfigurationList;
			buildConfigurations = (
				E2CF2C742AA7925E001B27DA /* Debug */,
				E2CF2C752AA7925E001B27DA /* Release */,
			);
			defaultConfigurationIsVisible = 0;
			defaultConfigurationName = Release;
		};
		E2CF2C762AA7925E001B27DA /* Build configuration list for PBXNativeTarget "FitReal" */ = {
			isa = XCConfigurationList;
			buildConfigurations = (
				E2CF2C772AA7925E001B27DA /* Debug */,
				E2CF2C782AA7925E001B27DA /* Release */,
			);
			defaultConfigurationIsVisible = 0;
			defaultConfigurationName = Release;
		};
		E2CF2C792AA7925E001B27DA /* Build configuration list for PBXNativeTarget "FitRealTests" */ = {
			isa = XCConfigurationList;
			buildConfigurations = (
				E2CF2C7A2AA7925E001B27DA /* Debug */,
				E2CF2C7B2AA7925E001B27DA /* Release */,
			);
			defaultConfigurationIsVisible = 0;
			defaultConfigurationName = Release;
		};
		E2CF2C7C2AA7925E001B27DA /* Build configuration list for PBXNativeTarget "FitRealUITests" */ = {
			isa = XCConfigurationList;
			buildConfigurations = (
				E2CF2C7D2AA7925E001B27DA /* Debug */,
				E2CF2C7E2AA7925E001B27DA /* Release */,
			);
			defaultConfigurationIsVisible = 0;
			defaultConfigurationName = Release;
		};
/* End XCConfigurationList section */

/* Begin XCRemoteSwiftPackageReference section */
		E2CF2C812AA7F86B001B27DA /* XCRemoteSwiftPackageReference "firebase-ios-sdk" */ = {
			isa = XCRemoteSwiftPackageReference;
			repositoryURL = "https://github.com/firebase/firebase-ios-sdk";
			requirement = {
				kind = upToNextMajorVersion;
				minimumVersion = 10.0.0;
			};
		};
/* End XCRemoteSwiftPackageReference section */

/* Begin XCSwiftPackageProductDependency section */
		E2CF2C822AA7F86B001B27DA /* FirebaseAnalytics */ = {
			isa = XCSwiftPackageProductDependency;
			package = E2CF2C812AA7F86B001B27DA /* XCRemoteSwiftPackageReference "firebase-ios-sdk" */;
			productName = FirebaseAnalytics;
		};
		E2CF2C842AA7F86B001B27DA /* FirebaseAnalyticsSwift */ = {
			isa = XCSwiftPackageProductDependency;
			package = E2CF2C812AA7F86B001B27DA /* XCRemoteSwiftPackageReference "firebase-ios-sdk" */;
			productName = FirebaseAnalyticsSwift;
		};
		E2CF2C862AA7F86B001B27DA /* FirebaseAnalyticsWithoutAdIdSupport */ = {
			isa = XCSwiftPackageProductDependency;
			package = E2CF2C812AA7F86B001B27DA /* XCRemoteSwiftPackageReference "firebase-ios-sdk" */;
			productName = FirebaseAnalyticsWithoutAdIdSupport;
		};
		E2CF2C882AA7F86B001B27DA /* FirebaseAuth */ = {
			isa = XCSwiftPackageProductDependency;
			package = E2CF2C812AA7F86B001B27DA /* XCRemoteSwiftPackageReference "firebase-ios-sdk" */;
			productName = FirebaseAuth;
		};
		E2CF2C8A2AA7F86B001B27DA /* FirebaseDatabase */ = {
			isa = XCSwiftPackageProductDependency;
			package = E2CF2C812AA7F86B001B27DA /* XCRemoteSwiftPackageReference "firebase-ios-sdk" */;
			productName = FirebaseDatabase;
		};
		E2CF2C8C2AA7F86B001B27DA /* FirebaseDatabaseSwift */ = {
			isa = XCSwiftPackageProductDependency;
			package = E2CF2C812AA7F86B001B27DA /* XCRemoteSwiftPackageReference "firebase-ios-sdk" */;
			productName = FirebaseDatabaseSwift;
		};
		E2CF2C8E2AA7F86B001B27DA /* FirebaseStorage */ = {
			isa = XCSwiftPackageProductDependency;
			package = E2CF2C812AA7F86B001B27DA /* XCRemoteSwiftPackageReference "firebase-ios-sdk" */;
			productName = FirebaseStorage;
		};
/* End XCSwiftPackageProductDependency section */
	};
	rootObject = E2CF2C4A2AA7925D001B27DA /* Project object */;
}
